
Microsoft Visual Studio Solution File, Format Version 12.00
# Visual Studio Version 17
VisualStudioVersion = 17.5.33502.453
MinimumVisualStudioVersion = 10.0.40219.1
Project("{FAE04EC0-301F-11D3-BF4B-00C04F79EFBC}") = "SlotsV2", "SlotsV2\SlotsV2.csproj", "{A0100A37-D589-414B-84C3-2B0C8A0A549E}"
EndProject
Global
	GlobalSection(SolutionConfigurationPlatforms) = preSolution
		Debug|Any CPU = Debug|Any CPU
		Release|Any CPU = Release|Any CPU
	EndGlobalSection
	GlobalSection(ProjectConfigurationPlatforms) = postSolution
		{A0100A37-D589-414B-84C3-2B0C8A0A549E}.Debug|Any CPU.ActiveCfg = Debug|Any CPU
		{A0100A37-D589-414B-84C3-2B0C8A0A549E}.Debug|Any CPU.Build.0 = Debug|Any CPU
		{A0100A37-D589-414B-84C3-2B0C8A0A549E}.Release|Any CPU.ActiveCfg = Release|Any CPU
		{A0100A37-D589-414B-84C3-2B0C8A0A549E}.Release|Any CPU.Build.0 = Release|Any CPU
	EndGlobalSection
	GlobalSection(SolutionProperties) = preSolution
		HideSolutionNode = FALSE
	EndGlobalSection
	GlobalSection(ExtensibilityGlobals) = postSolution
		SolutionGuid = {1A13D481-9B98-4616-9173-EDC7709BAA7A}
	EndGlobalSection
EndGlobal
